
Microsoft Visual Studio Solution File, Format Version 12.00
# Visual Studio Version 17
VisualStudioVersion = 17.0.31903.59
MinimumVisualStudioVersion = 10.0.40219.1
Project("{FAE04EC0-301F-11D3-BF4B-00C04F79EFBC}") = "Discord", "Discord.csproj", "{F4C3440D-07AB-401F-A9BA-55A57F53799D}"
EndProject
Global
	GlobalSection(SolutionConfigurationPlatforms) = preSolution
		Debug|Any CPU = Debug|Any CPU
		Release|Any CPU = Release|Any CPU
	EndGlobalSection
	GlobalSection(ProjectConfigurationPlatforms) = postSolution
		{F4C3440D-07AB-401F-A9BA-55A57F53799D}.Debug|Any CPU.ActiveCfg = Debug|Any CPU
		{F4C3440D-07AB-401F-A9BA-55A57F53799D}.Debug|Any CPU.Build.0 = Debug|Any CPU
		{F4C3440D-07AB-401F-A9BA-55A57F53799D}.Release|Any CPU.ActiveCfg = Release|Any CPU
		{F4C3440D-07AB-401F-A9BA-55A57F53799D}.Release|Any CPU.Build.0 = Release|Any CPU
	EndGlobalSection
	GlobalSection(SolutionProperties) = preSolution
		HideSolutionNode = FALSE
	EndGlobalSection
	GlobalSection(ExtensibilityGlobals) = postSolution
		SolutionGuid = {AB392043-2743-4DEB-937C-800EFC628BB6}
	EndGlobalSection
EndGlobal
